{
  "version": 4,
  "terraform_version": "1.6.2",
  "serial": 9,
  "lineage": "7eb08e80-dc5b-0672-4f14-0d0b19ebfa13",
  "outputs": {
    "cluster_endpoint": {
      "value": "myauroracluster.cluster-cipxyc0kr4rm.us-east-1.rds.amazonaws.com",
      "type": "string"
    },
    "instance_id": {
      "value": "i-00da0e3c1d07a5457",
      "type": "string"
    }
  },
  "resources": [
    {
      "mode": "managed",
      "type": "aws_instance",
      "name": "web-server",
      "provider": "provider[\"registry.terraform.io/hashicorp/aws\"]",
      "instances": [
        {
          "schema_version": 1,
          "attributes": {
            "ami": "ami-01cc34ab2709337aa",
            "arn": "arn:aws:ec2:us-east-1:381253973901:instance/i-00da0e3c1d07a5457",
            "associate_public_ip_address": true,
            "availability_zone": "us-east-1c",
            "capacity_reservation_specification": [
              {
                "capacity_reservation_preference": "open",
                "capacity_reservation_target": []
              }
            ],
            "cpu_core_count": 1,
            "cpu_options": [
              {
                "amd_sev_snp": "",
                "core_count": 1,
                "threads_per_core": 1
              }
            ],
            "cpu_threads_per_core": 1,
            "credit_specification": [
              {
                "cpu_credits": "standard"
              }
            ],
            "disable_api_stop": false,
            "disable_api_termination": false,
            "ebs_block_device": [],
            "ebs_optimized": false,
            "enclave_options": [
              {
                "enabled": false
              }
            ],
            "ephemeral_block_device": [],
            "get_password_data": false,
            "hibernation": false,
            "host_id": "",
            "host_resource_group_arn": null,
            "iam_instance_profile": "",
            "id": "i-00da0e3c1d07a5457",
            "instance_initiated_shutdown_behavior": "stop",
            "instance_lifecycle": "",
            "instance_market_options": [],
            "instance_state": "running",
            "instance_type": "t2.micro",
            "ipv6_address_count": 0,
            "ipv6_addresses": [],
            "key_name": "WhizKey",
            "launch_template": [],
            "maintenance_options": [
              {
                "auto_recovery": "default"
              }
            ],
            "metadata_options": [
              {
                "http_endpoint": "enabled",
                "http_protocol_ipv6": "disabled",
                "http_put_response_hop_limit": 1,
                "http_tokens": "optional",
                "instance_metadata_tags": "disabled"
              }
            ],
            "monitoring": false,
            "network_interface": [],
            "outpost_arn": "",
            "password_data": "",
            "placement_group": "",
            "placement_partition_number": 0,
            "primary_network_interface_id": "eni-069729a967bfe7c32",
            "private_dns": "ip-172-31-31-107.ec2.internal",
            "private_dns_name_options": [
              {
                "enable_resource_name_dns_a_record": false,
                "enable_resource_name_dns_aaaa_record": false,
                "hostname_type": "ip-name"
              }
            ],
            "private_ip": "172.31.31.107",
            "public_dns": "ec2-3-88-231-63.compute-1.amazonaws.com",
            "public_ip": "3.88.231.63",
            "root_block_device": [
              {
                "delete_on_termination": true,
                "device_name": "/dev/xvda",
                "encrypted": false,
                "iops": 100,
                "kms_key_id": "",
                "tags": {},
                "throughput": 0,
                "volume_id": "vol-01a8dc4fc4cb72bc2",
                "volume_size": 8,
                "volume_type": "gp2"
              }
            ],
            "secondary_private_ips": [],
            "security_groups": [
              "MyEc2server-SG"
            ],
            "source_dest_check": true,
            "spot_instance_request_id": "",
            "subnet_id": "subnet-1fb2aa52",
            "tags": {
              "Name": "MyRdsEc2server"
            },
            "tags_all": {
              "Name": "MyRdsEc2server"
            },
            "tenancy": "default",
            "timeouts": null,
            "user_data": "d8fe12133c2b208052b4e23d46eb3046e97323be",
            "user_data_base64": null,
            "user_data_replace_on_change": false,
            "volume_tags": null,
            "vpc_security_group_ids": [
              "sg-0e71efeb0dae481b4"
            ]
          },
          "sensitive_attributes": [],
          "private": "eyJlMmJmYjczMC1lY2FhLTExZTYtOGY4OC0zNDM2M2JjN2M0YzAiOnsiY3JlYXRlIjo2MDAwMDAwMDAwMDAsImRlbGV0ZSI6MTIwMDAwMDAwMDAwMCwidXBkYXRlIjo2MDAwMDAwMDAwMDB9LCJzY2hlbWFfdmVyc2lvbiI6IjEifQ==",
          "dependencies": [
            "aws_key_pair.whiz_key",
            "aws_security_group.web-server",
            "tls_private_key.example"
          ]
        }
      ]
    },
    {
      "mode": "managed",
      "type": "aws_key_pair",
      "name": "whiz_key",
      "provider": "provider[\"registry.terraform.io/hashicorp/aws\"]",
      "instances": [
        {
          "schema_version": 1,
          "attributes": {
            "arn": "arn:aws:ec2:us-east-1:381253973901:key-pair/WhizKey",
            "fingerprint": "54:7c:22:d8:da:f0:0f:bb:eb:22:57:55:38:7f:8a:fd",
            "id": "WhizKey",
            "key_name": "WhizKey",
            "key_name_prefix": "",
            "key_pair_id": "key-031a2e44efdad21d4",
            "key_type": "rsa",
            "public_key": "ssh-rsa AAAAB3NzaC1yc2EAAAADAQABAAACAQCmF/C6teFQxKjHRR9EoIDencBow68s/xFiZ50HxVpqI4EbBVQUDLEbwKv3FhfL9KieLwZQtob42xlr4bvZjnzhIMHlhajx7wjgAU6Xj3kUvy0RFGCp8o/e7+gmsVCoOyIueDodtFq3NwU67JEpVG30sh9TGdZrK4SjVxQfKaV4sFEWfrihFgFq6VEDMEzTrrEtt4K839Ybpal1uEymGFjL6mpPLcqraCQmX66NAPC7qReYXPyFBCSNI2xBYjHcewa8HXM6snSMla8n0Qf6y8EhsFxrYIKyqa9Mt+5ECUGSJ19BggoCbGTgfKkn1WTI+dt8Iv4WrFtPOtRNDzPx0bi+dCa13iUtHa1oZL3QPc4HCTQCIVdwBrlgQt3GeAebiHbBRnZx8oBYzR0/3uRBGqQFrgzxdfOkgtuMJG3/KLi6xd2Xa4ML6sQMx/lu+dydFaA7RNh0uIu0RLjX3JaOcdW5k0jrYKIVfP6/LxbiaofuvgGT/G0+pcnul1i2h4YtgnAasLlGs3Fuj37jKYqkJyZd5w73VwXKRCamgA/CdJW7S7mqUAsaFh12h1R7bV3TEZ3xNdgCck0IjDfdKwj9GnSAtuVOYLr9uBGjcGOFXV8YqFF2EqBv0bGr19gYUgeoBc3K8RE9NrPCwrLVW+AZA/6flfRN3Gi6TdG5WKgrRp0/AQ==",
            "tags": null,
            "tags_all": {}
          },
          "sensitive_attributes": [],
          "private": "eyJzY2hlbWFfdmVyc2lvbiI6IjEifQ==",
          "dependencies": [
            "tls_private_key.example"
          ]
        }
      ]
    },
    {
      "mode": "managed",
      "type": "aws_rds_cluster",
      "name": "aurorards",
      "provider": "provider[\"registry.terraform.io/hashicorp/aws\"]",
      "instances": [
        {
          "schema_version": 1,
          "attributes": {
            "allocated_storage": 1,
            "allow_major_version_upgrade": null,
            "apply_immediately": null,
            "arn": "arn:aws:rds:us-east-1:381253973901:cluster:myauroracluster",
            "availability_zones": [
              "us-east-1a",
              "us-east-1b",
              "us-east-1c"
            ],
            "backtrack_window": 0,
            "backup_retention_period": 1,
            "cluster_identifier": "myauroracluster",
            "cluster_identifier_prefix": "",
            "cluster_members": [],
            "cluster_resource_id": "cluster-MQLJIANLT5QSUWO4GUXCPUXR3I",
            "copy_tags_to_snapshot": false,
            "database_name": "MyDB",
            "db_cluster_instance_class": "",
            "db_cluster_parameter_group_name": "default.aurora-mysql5.7",
            "db_instance_parameter_group_name": null,
            "db_subnet_group_name": "default",
            "db_system_id": "",
            "delete_automated_backups": true,
            "deletion_protection": false,
            "enable_global_write_forwarding": false,
            "enable_http_endpoint": false,
            "enabled_cloudwatch_logs_exports": null,
            "endpoint": "myauroracluster.cluster-cipxyc0kr4rm.us-east-1.rds.amazonaws.com",
            "engine": "aurora-mysql",
            "engine_mode": "provisioned",
            "engine_version": "5.7.mysql_aurora.2.12.0",
            "engine_version_actual": "5.7.mysql_aurora.2.12.0",
            "final_snapshot_identifier": null,
            "global_cluster_identifier": "",
            "hosted_zone_id": "Z2R2ITUGPM61AM",
            "iam_database_authentication_enabled": false,
            "iam_roles": [],
            "id": "myauroracluster",
            "iops": 0,
            "kms_key_id": "",
            "manage_master_user_password": null,
            "master_password": "Whizlabs123",
            "master_user_secret": [],
            "master_user_secret_kms_key_id": null,
            "master_username": "WhizlabsAdmin",
            "network_type": "IPV4",
            "port": 3306,
            "preferred_backup_window": "05:52-06:22",
            "preferred_maintenance_window": "wed:06:38-wed:07:08",
            "reader_endpoint": "myauroracluster.cluster-ro-cipxyc0kr4rm.us-east-1.rds.amazonaws.com",
            "replication_source_identifier": "",
            "restore_to_point_in_time": [],
            "s3_import": [],
            "scaling_configuration": [],
            "serverlessv2_scaling_configuration": [],
            "skip_final_snapshot": true,
            "snapshot_identifier": null,
            "source_region": null,
            "storage_encrypted": false,
            "storage_type": "",
            "tags": null,
            "tags_all": {},
            "timeouts": null,
            "vpc_security_group_ids": [
              "sg-07887c13fdaef7e21"
            ]
          },
          "sensitive_attributes": [],
          "private": "eyJlMmJmYjczMC1lY2FhLTExZTYtOGY4OC0zNDM2M2JjN2M0YzAiOnsiY3JlYXRlIjo3MjAwMDAwMDAwMDAwLCJkZWxldGUiOjcyMDAwMDAwMDAwMDAsInVwZGF0ZSI6NzIwMDAwMDAwMDAwMH0sInNjaGVtYV92ZXJzaW9uIjoiMSJ9",
          "dependencies": [
            "aws_security_group.rds-server"
          ]
        }
      ]
    },
    {
      "mode": "managed",
      "type": "aws_rds_cluster_instance",
      "name": "cluster_instances",
      "provider": "provider[\"registry.terraform.io/hashicorp/aws\"]",
      "instances": [
        {
          "index_key": 0,
          "schema_version": 0,
          "attributes": {
            "apply_immediately": null,
            "arn": "arn:aws:rds:us-east-1:381253973901:db:muaurorainstance0",
            "auto_minor_version_upgrade": true,
            "availability_zone": "us-east-1c",
            "ca_cert_identifier": "rds-ca-2019",
            "cluster_identifier": "myauroracluster",
            "copy_tags_to_snapshot": false,
            "custom_iam_instance_profile": "",
            "db_parameter_group_name": "default.aurora-mysql5.7",
            "db_subnet_group_name": "default",
            "dbi_resource_id": "db-O2JGWV77NTF7W3CMUS5KR7KKAE",
            "endpoint": "muaurorainstance0.cipxyc0kr4rm.us-east-1.rds.amazonaws.com",
            "engine": "aurora-mysql",
            "engine_version": "5.7.mysql_aurora.2.12.0",
            "engine_version_actual": "5.7.mysql_aurora.2.12.0",
            "id": "muaurorainstance0",
            "identifier": "muaurorainstance0",
            "identifier_prefix": "",
            "instance_class": "db.t3.small",
            "kms_key_id": "",
            "monitoring_interval": 0,
            "monitoring_role_arn": "",
            "network_type": "IPV4",
            "performance_insights_enabled": false,
            "performance_insights_kms_key_id": "",
            "performance_insights_retention_period": 0,
            "port": 3306,
            "preferred_backup_window": "05:52-06:22",
            "preferred_maintenance_window": "fri:06:47-fri:07:17",
            "promotion_tier": 0,
            "publicly_accessible": true,
            "storage_encrypted": false,
            "tags": null,
            "tags_all": {},
            "timeouts": null,
            "writer": false
          },
          "sensitive_attributes": [],
          "private": "eyJlMmJmYjczMC1lY2FhLTExZTYtOGY4OC0zNDM2M2JjN2M0YzAiOnsiY3JlYXRlIjo1NDAwMDAwMDAwMDAwLCJkZWxldGUiOjU0MDAwMDAwMDAwMDAsInVwZGF0ZSI6NTQwMDAwMDAwMDAwMH19",
          "dependencies": [
            "aws_rds_cluster.aurorards",
            "aws_security_group.rds-server"
          ]
        },
        {
          "index_key": 1,
          "schema_version": 0,
          "attributes": {
            "apply_immediately": null,
            "arn": "arn:aws:rds:us-east-1:381253973901:db:muaurorainstance1",
            "auto_minor_version_upgrade": true,
            "availability_zone": "us-east-1b",
            "ca_cert_identifier": "rds-ca-2019",
            "cluster_identifier": "myauroracluster",
            "copy_tags_to_snapshot": false,
            "custom_iam_instance_profile": "",
            "db_parameter_group_name": "default.aurora-mysql5.7",
            "db_subnet_group_name": "default",
            "dbi_resource_id": "db-XYNNCDC2SDVFLPRTPLTMFNNE3E",
            "endpoint": "muaurorainstance1.cipxyc0kr4rm.us-east-1.rds.amazonaws.com",
            "engine": "aurora-mysql",
            "engine_version": "5.7.mysql_aurora.2.12.0",
            "engine_version_actual": "5.7.mysql_aurora.2.12.0",
            "id": "muaurorainstance1",
            "identifier": "muaurorainstance1",
            "identifier_prefix": "",
            "instance_class": "db.t3.small",
            "kms_key_id": "",
            "monitoring_interval": 0,
            "monitoring_role_arn": "",
            "network_type": "IPV4",
            "performance_insights_enabled": false,
            "performance_insights_kms_key_id": "",
            "performance_insights_retention_period": 0,
            "port": 3306,
            "preferred_backup_window": "05:52-06:22",
            "preferred_maintenance_window": "tue:08:28-tue:08:58",
            "promotion_tier": 0,
            "publicly_accessible": true,
            "storage_encrypted": false,
            "tags": null,
            "tags_all": {},
            "timeouts": null,
            "writer": true
          },
          "sensitive_attributes": [],
          "private": "eyJlMmJmYjczMC1lY2FhLTExZTYtOGY4OC0zNDM2M2JjN2M0YzAiOnsiY3JlYXRlIjo1NDAwMDAwMDAwMDAwLCJkZWxldGUiOjU0MDAwMDAwMDAwMDAsInVwZGF0ZSI6NTQwMDAwMDAwMDAwMH19",
          "dependencies": [
            "aws_rds_cluster.aurorards",
            "aws_security_group.rds-server"
          ]
        }
      ]
    },
    {
      "mode": "managed",
      "type": "aws_security_group",
      "name": "rds-server",
      "provider": "provider[\"registry.terraform.io/hashicorp/aws\"]",
      "instances": [
        {
          "schema_version": 1,
          "attributes": {
            "arn": "arn:aws:ec2:us-east-1:381253973901:security-group/sg-07887c13fdaef7e21",
            "description": "Security group for RDS Aurora",
            "egress": [
              {
                "cidr_blocks": [
                  "0.0.0.0/0"
                ],
                "description": "",
                "from_port": 0,
                "ipv6_cidr_blocks": [],
                "prefix_list_ids": [],
                "protocol": "-1",
                "security_groups": [],
                "self": false,
                "to_port": 0
              }
            ],
            "id": "sg-07887c13fdaef7e21",
            "ingress": [
              {
                "cidr_blocks": [
                  "0.0.0.0/0"
                ],
                "description": "",
                "from_port": 3306,
                "ipv6_cidr_blocks": [],
                "prefix_list_ids": [],
                "protocol": "tcp",
                "security_groups": [],
                "self": false,
                "to_port": 3306
              }
            ],
            "name": "rds-maz-SG-SG",
            "name_prefix": "",
            "owner_id": "381253973901",
            "revoke_rules_on_delete": false,
            "tags": null,
            "tags_all": {},
            "timeouts": null,
            "vpc_id": "vpc-966a0eeb"
          },
          "sensitive_attributes": [],
          "private": "eyJlMmJmYjczMC1lY2FhLTExZTYtOGY4OC0zNDM2M2JjN2M0YzAiOnsiY3JlYXRlIjo2MDAwMDAwMDAwMDAsImRlbGV0ZSI6OTAwMDAwMDAwMDAwfSwic2NoZW1hX3ZlcnNpb24iOiIxIn0="
        }
      ]
    },
    {
      "mode": "managed",
      "type": "aws_security_group",
      "name": "web-server",
      "provider": "provider[\"registry.terraform.io/hashicorp/aws\"]",
      "instances": [
        {
          "schema_version": 1,
          "attributes": {
            "arn": "arn:aws:ec2:us-east-1:381253973901:security-group/sg-0e71efeb0dae481b4",
            "description": "Security for ec2 server to connect with RDS",
            "egress": [
              {
                "cidr_blocks": [
                  "0.0.0.0/0"
                ],
                "description": "",
                "from_port": 0,
                "ipv6_cidr_blocks": [],
                "prefix_list_ids": [],
                "protocol": "-1",
                "security_groups": [],
                "self": false,
                "to_port": 0
              }
            ],
            "id": "sg-0e71efeb0dae481b4",
            "ingress": [
              {
                "cidr_blocks": [
                  "0.0.0.0/0"
                ],
                "description": "",
                "from_port": 22,
                "ipv6_cidr_blocks": [],
                "prefix_list_ids": [],
                "protocol": "tcp",
                "security_groups": [],
                "self": false,
                "to_port": 22
              }
            ],
            "name": "MyEc2server-SG",
            "name_prefix": "",
            "owner_id": "381253973901",
            "revoke_rules_on_delete": false,
            "tags": null,
            "tags_all": {},
            "timeouts": null,
            "vpc_id": "vpc-966a0eeb"
          },
          "sensitive_attributes": [],
          "private": "eyJlMmJmYjczMC1lY2FhLTExZTYtOGY4OC0zNDM2M2JjN2M0YzAiOnsiY3JlYXRlIjo2MDAwMDAwMDAwMDAsImRlbGV0ZSI6OTAwMDAwMDAwMDAwfSwic2NoZW1hX3ZlcnNpb24iOiIxIn0="
        }
      ]
    },
    {
      "mode": "managed",
      "type": "tls_private_key",
      "name": "example",
      "provider": "provider[\"registry.terraform.io/hashicorp/tls\"]",
      "instances": [
        {
          "schema_version": 1,
          "attributes": {
            "algorithm": "RSA",
            "ecdsa_curve": "P224",
            "id": "8b15bf5f51768064a6e8337073d34d86016bfc91",
            "private_key_openssh": "-----BEGIN OPENSSH PRIVATE KEY-----\nb3BlbnNzaC1rZXktdjEAAAAABG5vbmUAAAAEbm9uZQAAAAAAAAABAAACFwAAAAdz\nc2gtcnNhAAAAAwEAAQAAAgEAphfwurXhUMSox0UfRKCA3p3AaMOvLP8RYmedB8Va\naiOBGwVUFAyxG8Cr9xYXy/Soni8GULaG+NsZa+G72Y584SDB5YWo8e8I4AFOl495\nFL8tERRgqfKP3u/oJrFQqDsiLng6HbRatzcFOuyRKVRt9LIfUxnWayuEo1cUHyml\neLBRFn64oRYBaulRAzBM066xLbeCvN/WG6WpdbhMphhYy+pqTy3Kq2gkJl+ujQDw\nu6kXmFz8hQQkjSNsQWIx3HsGvB1zOrJ0jJWvJ9EH+svBIbBca2CCsqmvTLfuRAlB\nkidfQYIKAmxk4HypJ9VkyPnbfCL+FqxbTzrUTQ8z8dG4vnQmtd4lLR2taGS90D3O\nBwk0AiFXcAa5YELdxngHm4h2wUZ2cfKAWM0dP97kQRqkBa4M8XXzpILbjCRt/yi4\nusXdl2uDC+rEDMf5bvncnRWgO0TYdLiLtES419yWjnHVuZNI62CiFXz+vy8W4mqH\n7r4Bk/xtPqXJ7pdYtoeGLYJwGrC5RrNxbo9+4ymKpCcmXecO91cFykQmpoAPwnSV\nu0u5qlALGhYddodUe21d0xGd8TXYAnJNCIw33SsI/Rp0gLblTmC6/bgRo3BjhV1f\nGKhRdhKgb9Gxq9fYGFIHqAXNyvERPTazwsKy1VvgGQP+n5X0Tdxouk3RuVioK0ad\nPwEAAAc43I5zl9yOc5cAAAAHc3NoLXJzYQAAAgEAphfwurXhUMSox0UfRKCA3p3A\naMOvLP8RYmedB8VaaiOBGwVUFAyxG8Cr9xYXy/Soni8GULaG+NsZa+G72Y584SDB\n5YWo8e8I4AFOl495FL8tERRgqfKP3u/oJrFQqDsiLng6HbRatzcFOuyRKVRt9LIf\nUxnWayuEo1cUHymleLBRFn64oRYBaulRAzBM066xLbeCvN/WG6WpdbhMphhYy+pq\nTy3Kq2gkJl+ujQDwu6kXmFz8hQQkjSNsQWIx3HsGvB1zOrJ0jJWvJ9EH+svBIbBc\na2CCsqmvTLfuRAlBkidfQYIKAmxk4HypJ9VkyPnbfCL+FqxbTzrUTQ8z8dG4vnQm\ntd4lLR2taGS90D3OBwk0AiFXcAa5YELdxngHm4h2wUZ2cfKAWM0dP97kQRqkBa4M\n8XXzpILbjCRt/yi4usXdl2uDC+rEDMf5bvncnRWgO0TYdLiLtES419yWjnHVuZNI\n62CiFXz+vy8W4mqH7r4Bk/xtPqXJ7pdYtoeGLYJwGrC5RrNxbo9+4ymKpCcmXecO\n91cFykQmpoAPwnSVu0u5qlALGhYddodUe21d0xGd8TXYAnJNCIw33SsI/Rp0gLbl\nTmC6/bgRo3BjhV1fGKhRdhKgb9Gxq9fYGFIHqAXNyvERPTazwsKy1VvgGQP+n5X0\nTdxouk3RuVioK0adPwEAAAADAQABAAACABXstRdAaQSrYQgk5LK/aSN5uWta4WXU\nKaxOtxjOgVffZex2MJoQ7tQWA90y6mM+4X83/+Jppbl12o42FwDp4Swqkc3Fbf65\nqfc/1OsGwlntvnoxsWzdmwY3rvJkl5wNaj6uGiXPp+XlemhD0AmfnoAdfysODxLI\nhNK27O4MJk6fH6UThzWkXP2K3OnJ12pd9f9t6PEbrvypSoxCjsOiFR6dy/i1t7oW\nnib+nGD6jcyHzpiLNb4tRNHoqiKbXq+XAdWVIZ/O7LmeDKf53M7LVKwoxppZ/Aav\nhXdgFDCg9Cnhzp4sFzwoqMxFSGL8tTgeW02wpM/DYq47usiNSDMUlwk+cl9ks+pW\nCxsjNOzyIQTXmklYDD5l00JKfDXcgEJv/zGO4iUvEEdU+2QjJTIfw0haGZYzGE/L\nmFYqUA8hXDnU0euOTrejwcPYpW1gKXnfaI5Sq9miJLb/KnHsNwvpk80x0qSwLOCm\nJ3Eg9nBy4XO1qDc5aWZsWzL4f4gCOa7EVJX4EdSKRR0IgT6LDW553DiOfreqtcC+\nP9vW2YQEtW4JRR9blH7B2JOT0tHJO3IOX4agmULoi/wBWLSpW3SEjGxU9/xwRqxE\nUQqFGRjE0h3Z+t7/Oc0zUMz9S2IGACPxdh8SuW8HKti5xyBgYs95npGqaAYGzBrJ\nC55vxQEOdvaRAAABAQCm2B7zyBNB41aP5+vHd2usq7oAFrWqRMCZqYieC0PM5bdn\niwsFVZZ6CGMNoKJfPn8VtO3HxnTcDuBWXW4DLnRmMCXXCwuPj7yYc0moWFGlg6u0\nNjEGqEspiVXQp6q4iLH2vrqnv8+6zpRH62EdG8XnHX9j7sHTp96j9W+KojDxi9ST\nZDbPx3Ek5THZIv76YdV9vTDAzHwbOWlTBxDGDasHbH47W4hQlFHafQMDv0OAANny\nqs+9OKISR/H2Nops9guKlsAM2POb2Nd2R/M2ldXzOiKBXfstfTvOU2IavLmZ4MHd\nvge7CgPiLl8yOMvhSg0SXyx9g3kpfQ9OAn/StqwdAAABAQDZQmFVOHbEiAft/cZG\nnUlJvYUgGDZnvonn0OIViCg9seDT9wGMHGEORITUXiQ5zzRyM3sbLQne/HG2JhHH\n8dACEatoJzviIA0Y4Myptjp7Ofi/T+LaOh8pMfjXkN0vnXLtjSZC34az9by7Omel\nSbraqQc56ETMllcdwlBKk1QlOKTFE2ixR5/jWt8lfqnQ9ivNFO63agyuOQzwPqPS\nGSAKlj3iQxqnm2Rd0/e/wjwfw5pP3Ip7M/MrgOPxnYMV3iYY72w5iHs4N+GDBGB9\npcPmJhVyHHCn62REnKTUNQh+PvZQcZ4PPIu/v1T/Z8saZNMzdY8VQtL+rf5t/z7i\nXvQdAAABAQDDtee5F1poQSDzRW9YlByhgxEDkT2kuxfC7tECtIKzrvZX0Ixya7WK\nY2UeqohT7pao9PHDMNAWAPaqG/hYICkksB+7rciuUGI2h89z9ema48v/xdDt2Bpz\n0O/tOzDezKCPEiI/XBYFA/DkgEJFHN1bo6/0qMmAnUjUGCy38SIKpQfg0r174qEz\nbUiwoLiTIId7kBb2gexIHPHBIttG21Z92zruJ855+tpPbVmvhj7LsQ8EDQ+SC2zf\nFLh5qRc9Z9bF9ZrjT2AdJv9TkGOU6zuaOn/nIMMlsNiSqLH6dY7hi49EubqoKjCw\noXfLQbYX0nVil9OOiOanV1qVVU07b3k1AAAAAAEC\n-----END OPENSSH PRIVATE KEY-----\n",
            "private_key_pem": "-----BEGIN RSA PRIVATE KEY-----\nMIIJKAIBAAKCAgEAphfwurXhUMSox0UfRKCA3p3AaMOvLP8RYmedB8VaaiOBGwVU\nFAyxG8Cr9xYXy/Soni8GULaG+NsZa+G72Y584SDB5YWo8e8I4AFOl495FL8tERRg\nqfKP3u/oJrFQqDsiLng6HbRatzcFOuyRKVRt9LIfUxnWayuEo1cUHymleLBRFn64\noRYBaulRAzBM066xLbeCvN/WG6WpdbhMphhYy+pqTy3Kq2gkJl+ujQDwu6kXmFz8\nhQQkjSNsQWIx3HsGvB1zOrJ0jJWvJ9EH+svBIbBca2CCsqmvTLfuRAlBkidfQYIK\nAmxk4HypJ9VkyPnbfCL+FqxbTzrUTQ8z8dG4vnQmtd4lLR2taGS90D3OBwk0AiFX\ncAa5YELdxngHm4h2wUZ2cfKAWM0dP97kQRqkBa4M8XXzpILbjCRt/yi4usXdl2uD\nC+rEDMf5bvncnRWgO0TYdLiLtES419yWjnHVuZNI62CiFXz+vy8W4mqH7r4Bk/xt\nPqXJ7pdYtoeGLYJwGrC5RrNxbo9+4ymKpCcmXecO91cFykQmpoAPwnSVu0u5qlAL\nGhYddodUe21d0xGd8TXYAnJNCIw33SsI/Rp0gLblTmC6/bgRo3BjhV1fGKhRdhKg\nb9Gxq9fYGFIHqAXNyvERPTazwsKy1VvgGQP+n5X0Tdxouk3RuVioK0adPwECAwEA\nAQKCAgAV7LUXQGkEq2EIJOSyv2kjeblrWuFl1CmsTrcYzoFX32XsdjCaEO7UFgPd\nMupjPuF/N//iaaW5ddqONhcA6eEsKpHNxW3+uan3P9TrBsJZ7b56MbFs3ZsGN67y\nZJecDWo+rholz6fl5XpoQ9AJn56AHX8rDg8SyITStuzuDCZOnx+lE4c1pFz9itzp\nyddqXfX/bejxG678qUqMQo7DohUencv4tbe6Fp4m/pxg+o3Mh86YizW+LUTR6Koi\nm16vlwHVlSGfzuy5ngyn+dzOy1SsKMaaWfwGr4V3YBQwoPQp4c6eLBc8KKjMRUhi\n/LU4HltNsKTPw2KuO7rIjUgzFJcJPnJfZLPqVgsbIzTs8iEE15pJWAw+ZdNCSnw1\n3IBCb/8xjuIlLxBHVPtkIyUyH8NIWhmWMxhPy5hWKlAPIVw51NHrjk63o8HD2KVt\nYCl532iOUqvZoiS2/ypx7DcL6ZPNMdKksCzgpidxIPZwcuFztag3OWlmbFsy+H+I\nAjmuxFSV+BHUikUdCIE+iw1uedw4jn63qrXAvj/b1tmEBLVuCUUfW5R+wdiTk9LR\nyTtyDl+GoJlC6Iv8AVi0qVt0hIxsVPf8cEasRFEKhRkYxNId2fre/znNM1DM/Uti\nBgAj8XYfErlvByrYuccgYGLPeZ6RqmgGBswayQueb8UBDnb2kQKCAQEA2UJhVTh2\nxIgH7f3GRp1JSb2FIBg2Z76J59DiFYgoPbHg0/cBjBxhDkSE1F4kOc80cjN7Gy0J\n3vxxtiYRx/HQAhGraCc74iANGODMqbY6ezn4v0/i2jofKTH415DdL51y7Y0mQt+G\ns/W8uzpnpUm62qkHOehEzJZXHcJQSpNUJTikxRNosUef41rfJX6p0PYrzRTut2oM\nrjkM8D6j0hkgCpY94kMap5tkXdP3v8I8H8OaT9yKezPzK4Dj8Z2DFd4mGO9sOYh7\nODfhgwRgfaXD5iYVchxwp+tkRJyk1DUIfj72UHGeDzyLv79U/2fLGmTTM3WPFULS\n/q3+bf8+4l70HQKCAQEAw7XnuRdaaEEg80VvWJQcoYMRA5E9pLsXwu7RArSCs672\nV9CMcmu1imNlHqqIU+6WqPTxwzDQFgD2qhv4WCApJLAfu63IrlBiNofPc/XpmuPL\n/8XQ7dgac9Dv7Tsw3sygjxIiP1wWBQPw5IBCRRzdW6Ov9KjJgJ1I1Bgst/EiCqUH\n4NK9e+KhM21IsKC4kyCHe5AW9oHsSBzxwSLbRttWfds67ifOefraT21Zr4Y+y7EP\nBA0Pkgts3xS4eakXPWfWxfWa409gHSb/U5BjlOs7mjp/5yDDJbDYkqix+nWO4YuP\nRLm6qCowsKF3y0G2F9J1YpfTjojmp1dalVVNO295NQKCAQB5TgbqfkxSD2HeEAPV\nCZ0R/y+Fa/90jX6SYJ7bRtqxF9BgiVnj0TSfssI3kRjI7lhqKzRhSBRq3Kjg+wCS\nkwGBJjx+OunEqACoE1wypfyhMQ0iRIh1MF6VscEvG0NkgpTY7iae0A92C48FOucD\n8tbRn+7Y9kbztD2P8B7EhN5GqgnVv7CEy2kKmIJffQl0Ev8B0t42qo/J9zCyM0dk\n14J8ZsbGvpDzZF/1w5RhDSJk2eIfFRR9FdSARcb/8OJwI0lCQuw6c2nZSdowPRFj\nFlr69eijfh2opFWnuY6Orc3AL4d4AvgtqbCdr0bWFC3i3sjNwqXRSS5l5OBaqlmC\nK2JBAoIBAHpuQ2XQrCfoBlrpJvy8uyR2v6ABrhRtTjIOAAa3McSCQW0x84powwqt\nn0aN2/bVnL5ZbRx0XthFBgnosXU/uT1QSKm5z37snmQKlcavIdJZivaYo1kHBZVK\nMa2wh6P5Ur/t0ircypGco4fujIZ7xiZbwelF5bhlrHeyH9d6K5eJIeKNMyha4Akx\n5nVINe8kPF0aCKNxJ4T9RmdSDObIs9TL3pO5pzs7qHJjr+VUD9iRDRm1qfXs29C6\nP6UsGHO7j+oK+TgWIcRa7wMxono4pfKXggfuwOXFOdaVXbGW9Sk3iwqtPY2Rxx/Y\nAv7OPsGsUO66mAfksJYi2XHuCQCTfbkCggEBAKbYHvPIE0HjVo/n68d3a6yrugAW\ntapEwJmpiJ4LQ8zlt2eLCwVVlnoIYw2gol8+fxW07cfGdNwO4FZdbgMudGYwJdcL\nC4+PvJhzSahYUaWDq7Q2MQaoSymJVdCnqriIsfa+uqe/z7rOlEfrYR0bxecdf2Pu\nwdOn3qP1b4qiMPGL1JNkNs/HcSTlMdki/vph1X29MMDMfBs5aVMHEMYNqwdsfjtb\niFCUUdp9AwO/Q4AA2fKqz704ohJH8fY2imz2C4qWwAzY85vY13ZH8zaV1fM6IoFd\n+y19O85TYhq8uZngwd2+B7sKA+IuXzI4y+FKDRJfLH2DeSl9D04Cf9K2rB0=\n-----END RSA PRIVATE KEY-----\n",
            "private_key_pem_pkcs8": "-----BEGIN PRIVATE KEY-----\nMIIJQgIBADANBgkqhkiG9w0BAQEFAASCCSwwggkoAgEAAoICAQCmF/C6teFQxKjH\nRR9EoIDencBow68s/xFiZ50HxVpqI4EbBVQUDLEbwKv3FhfL9KieLwZQtob42xlr\n4bvZjnzhIMHlhajx7wjgAU6Xj3kUvy0RFGCp8o/e7+gmsVCoOyIueDodtFq3NwU6\n7JEpVG30sh9TGdZrK4SjVxQfKaV4sFEWfrihFgFq6VEDMEzTrrEtt4K839Ybpal1\nuEymGFjL6mpPLcqraCQmX66NAPC7qReYXPyFBCSNI2xBYjHcewa8HXM6snSMla8n\n0Qf6y8EhsFxrYIKyqa9Mt+5ECUGSJ19BggoCbGTgfKkn1WTI+dt8Iv4WrFtPOtRN\nDzPx0bi+dCa13iUtHa1oZL3QPc4HCTQCIVdwBrlgQt3GeAebiHbBRnZx8oBYzR0/\n3uRBGqQFrgzxdfOkgtuMJG3/KLi6xd2Xa4ML6sQMx/lu+dydFaA7RNh0uIu0RLjX\n3JaOcdW5k0jrYKIVfP6/LxbiaofuvgGT/G0+pcnul1i2h4YtgnAasLlGs3Fuj37j\nKYqkJyZd5w73VwXKRCamgA/CdJW7S7mqUAsaFh12h1R7bV3TEZ3xNdgCck0IjDfd\nKwj9GnSAtuVOYLr9uBGjcGOFXV8YqFF2EqBv0bGr19gYUgeoBc3K8RE9NrPCwrLV\nW+AZA/6flfRN3Gi6TdG5WKgrRp0/AQIDAQABAoICABXstRdAaQSrYQgk5LK/aSN5\nuWta4WXUKaxOtxjOgVffZex2MJoQ7tQWA90y6mM+4X83/+Jppbl12o42FwDp4Swq\nkc3Fbf65qfc/1OsGwlntvnoxsWzdmwY3rvJkl5wNaj6uGiXPp+XlemhD0AmfnoAd\nfysODxLIhNK27O4MJk6fH6UThzWkXP2K3OnJ12pd9f9t6PEbrvypSoxCjsOiFR6d\ny/i1t7oWnib+nGD6jcyHzpiLNb4tRNHoqiKbXq+XAdWVIZ/O7LmeDKf53M7LVKwo\nxppZ/AavhXdgFDCg9Cnhzp4sFzwoqMxFSGL8tTgeW02wpM/DYq47usiNSDMUlwk+\ncl9ks+pWCxsjNOzyIQTXmklYDD5l00JKfDXcgEJv/zGO4iUvEEdU+2QjJTIfw0ha\nGZYzGE/LmFYqUA8hXDnU0euOTrejwcPYpW1gKXnfaI5Sq9miJLb/KnHsNwvpk80x\n0qSwLOCmJ3Eg9nBy4XO1qDc5aWZsWzL4f4gCOa7EVJX4EdSKRR0IgT6LDW553DiO\nfreqtcC+P9vW2YQEtW4JRR9blH7B2JOT0tHJO3IOX4agmULoi/wBWLSpW3SEjGxU\n9/xwRqxEUQqFGRjE0h3Z+t7/Oc0zUMz9S2IGACPxdh8SuW8HKti5xyBgYs95npGq\naAYGzBrJC55vxQEOdvaRAoIBAQDZQmFVOHbEiAft/cZGnUlJvYUgGDZnvonn0OIV\niCg9seDT9wGMHGEORITUXiQ5zzRyM3sbLQne/HG2JhHH8dACEatoJzviIA0Y4Myp\ntjp7Ofi/T+LaOh8pMfjXkN0vnXLtjSZC34az9by7OmelSbraqQc56ETMllcdwlBK\nk1QlOKTFE2ixR5/jWt8lfqnQ9ivNFO63agyuOQzwPqPSGSAKlj3iQxqnm2Rd0/e/\nwjwfw5pP3Ip7M/MrgOPxnYMV3iYY72w5iHs4N+GDBGB9pcPmJhVyHHCn62REnKTU\nNQh+PvZQcZ4PPIu/v1T/Z8saZNMzdY8VQtL+rf5t/z7iXvQdAoIBAQDDtee5F1po\nQSDzRW9YlByhgxEDkT2kuxfC7tECtIKzrvZX0Ixya7WKY2UeqohT7pao9PHDMNAW\nAPaqG/hYICkksB+7rciuUGI2h89z9ema48v/xdDt2Bpz0O/tOzDezKCPEiI/XBYF\nA/DkgEJFHN1bo6/0qMmAnUjUGCy38SIKpQfg0r174qEzbUiwoLiTIId7kBb2gexI\nHPHBIttG21Z92zruJ855+tpPbVmvhj7LsQ8EDQ+SC2zfFLh5qRc9Z9bF9ZrjT2Ad\nJv9TkGOU6zuaOn/nIMMlsNiSqLH6dY7hi49EubqoKjCwoXfLQbYX0nVil9OOiOan\nV1qVVU07b3k1AoIBAHlOBup+TFIPYd4QA9UJnRH/L4Vr/3SNfpJgnttG2rEX0GCJ\nWePRNJ+ywjeRGMjuWGorNGFIFGrcqOD7AJKTAYEmPH466cSoAKgTXDKl/KExDSJE\niHUwXpWxwS8bQ2SClNjuJp7QD3YLjwU65wPy1tGf7tj2RvO0PY/wHsSE3kaqCdW/\nsITLaQqYgl99CXQS/wHS3jaqj8n3MLIzR2TXgnxmxsa+kPNkX/XDlGENImTZ4h8V\nFH0V1IBFxv/w4nAjSUJC7DpzadlJ2jA9EWMWWvr16KN+HaikVae5jo6tzcAvh3gC\n+C2psJ2vRtYULeLeyM3CpdFJLmXk4FqqWYIrYkECggEAem5DZdCsJ+gGWukm/Ly7\nJHa/oAGuFG1OMg4ABrcxxIJBbTHzimjDCq2fRo3b9tWcvlltHHRe2EUGCeixdT+5\nPVBIqbnPfuyeZAqVxq8h0lmK9pijWQcFlUoxrbCHo/lSv+3SKtzKkZyjh+6MhnvG\nJlvB6UXluGWsd7If13orl4kh4o0zKFrgCTHmdUg17yQ8XRoIo3EnhP1GZ1IM5siz\n1Mvek7mnOzuocmOv5VQP2JENGbWp9ezb0Lo/pSwYc7uP6gr5OBYhxFrvAzGiejil\n8peCB+7A5cU51pVdsZb1KTeLCq09jZHHH9gC/s4+waxQ7rqYB+SwliLZce4JAJN9\nuQKCAQEAptge88gTQeNWj+frx3drrKu6ABa1qkTAmamIngtDzOW3Z4sLBVWWeghj\nDaCiXz5/FbTtx8Z03A7gVl1uAy50ZjAl1wsLj4+8mHNJqFhRpYOrtDYxBqhLKYlV\n0KequIix9r66p7/Pus6UR+thHRvF5x1/Y+7B06feo/VviqIw8YvUk2Q2z8dxJOUx\n2SL++mHVfb0wwMx8GzlpUwcQxg2rB2x+O1uIUJRR2n0DA79DgADZ8qrPvTiiEkfx\n9jaKbPYLipbADNjzm9jXdkfzNpXV8zoigV37LX07zlNiGry5meDB3b4HuwoD4i5f\nMjjL4UoNEl8sfYN5KX0PTgJ/0rasHQ==\n-----END PRIVATE KEY-----\n",
            "public_key_fingerprint_md5": "ae:aa:fd:7e:80:0b:8d:e8:4e:bf:5c:fc:97:45:6f:d5",
            "public_key_fingerprint_sha256": "SHA256:XA3IwulvuhwTs1MZM6LhuGZwJkURbN/BUZSMdfL7qHw",
            "public_key_openssh": "ssh-rsa AAAAB3NzaC1yc2EAAAADAQABAAACAQCmF/C6teFQxKjHRR9EoIDencBow68s/xFiZ50HxVpqI4EbBVQUDLEbwKv3FhfL9KieLwZQtob42xlr4bvZjnzhIMHlhajx7wjgAU6Xj3kUvy0RFGCp8o/e7+gmsVCoOyIueDodtFq3NwU67JEpVG30sh9TGdZrK4SjVxQfKaV4sFEWfrihFgFq6VEDMEzTrrEtt4K839Ybpal1uEymGFjL6mpPLcqraCQmX66NAPC7qReYXPyFBCSNI2xBYjHcewa8HXM6snSMla8n0Qf6y8EhsFxrYIKyqa9Mt+5ECUGSJ19BggoCbGTgfKkn1WTI+dt8Iv4WrFtPOtRNDzPx0bi+dCa13iUtHa1oZL3QPc4HCTQCIVdwBrlgQt3GeAebiHbBRnZx8oBYzR0/3uRBGqQFrgzxdfOkgtuMJG3/KLi6xd2Xa4ML6sQMx/lu+dydFaA7RNh0uIu0RLjX3JaOcdW5k0jrYKIVfP6/LxbiaofuvgGT/G0+pcnul1i2h4YtgnAasLlGs3Fuj37jKYqkJyZd5w73VwXKRCamgA/CdJW7S7mqUAsaFh12h1R7bV3TEZ3xNdgCck0IjDfdKwj9GnSAtuVOYLr9uBGjcGOFXV8YqFF2EqBv0bGr19gYUgeoBc3K8RE9NrPCwrLVW+AZA/6flfRN3Gi6TdG5WKgrRp0/AQ==\n",
            "public_key_pem": "-----BEGIN PUBLIC KEY-----\nMIICIjANBgkqhkiG9w0BAQEFAAOCAg8AMIICCgKCAgEAphfwurXhUMSox0UfRKCA\n3p3AaMOvLP8RYmedB8VaaiOBGwVUFAyxG8Cr9xYXy/Soni8GULaG+NsZa+G72Y58\n4SDB5YWo8e8I4AFOl495FL8tERRgqfKP3u/oJrFQqDsiLng6HbRatzcFOuyRKVRt\n9LIfUxnWayuEo1cUHymleLBRFn64oRYBaulRAzBM066xLbeCvN/WG6WpdbhMphhY\ny+pqTy3Kq2gkJl+ujQDwu6kXmFz8hQQkjSNsQWIx3HsGvB1zOrJ0jJWvJ9EH+svB\nIbBca2CCsqmvTLfuRAlBkidfQYIKAmxk4HypJ9VkyPnbfCL+FqxbTzrUTQ8z8dG4\nvnQmtd4lLR2taGS90D3OBwk0AiFXcAa5YELdxngHm4h2wUZ2cfKAWM0dP97kQRqk\nBa4M8XXzpILbjCRt/yi4usXdl2uDC+rEDMf5bvncnRWgO0TYdLiLtES419yWjnHV\nuZNI62CiFXz+vy8W4mqH7r4Bk/xtPqXJ7pdYtoeGLYJwGrC5RrNxbo9+4ymKpCcm\nXecO91cFykQmpoAPwnSVu0u5qlALGhYddodUe21d0xGd8TXYAnJNCIw33SsI/Rp0\ngLblTmC6/bgRo3BjhV1fGKhRdhKgb9Gxq9fYGFIHqAXNyvERPTazwsKy1VvgGQP+\nn5X0Tdxouk3RuVioK0adPwECAwEAAQ==\n-----END PUBLIC KEY-----\n",
            "rsa_bits": 4096
          },
          "sensitive_attributes": []
        }
      ]
    }
  ],
  "check_results": null
}
